
Microsoft Visual Studio Solution File, Format Version 11.00
# Visual Studio 2010
Project("{2150E333-8FDC-42A3-9474-1A3956D46DE8}") = "v2", "v2", "{73058347-1C3A-4296-AA1E-02206422B7DF}"
EndProject
Project("{FAE04EC0-301F-11D3-BF4B-00C04F79EFBC}") = "CnnNet2", "CnnNet2\CnnNet2\CnnNet2.csproj", "{AEA48D34-DAB5-48F0-9C09-EA30F3A1AA14}"
EndProject
Project("{FAE04EC0-301F-11D3-BF4B-00C04F79EFBC}") = "CnnNet2Content", "CnnNet2\CnnNet2Content\CnnNet2Content.contentproj", "{9ED99BD7-AC81-4069-B8FD-2B91E29CC9D2}"
EndProject
Project("{FAE04EC0-301F-11D3-BF4B-00C04F79EFBC}") = "CnnNetLib2", "CnnNetLib2\CnnNetLib2.csproj", "{5757172B-1B11-4138-B957-025279B30342}"
EndProject
Global
	GlobalSection(SolutionConfigurationPlatforms) = preSolution
		Debug|Any CPU = Debug|Any CPU
		Debug|Mixed Platforms = Debug|Mixed Platforms
		Debug|x86 = Debug|x86
		Release|Any CPU = Release|Any CPU
		Release|Mixed Platforms = Release|Mixed Platforms
		Release|x86 = Release|x86
	EndGlobalSection
	GlobalSection(ProjectConfigurationPlatforms) = postSolution
		{AEA48D34-DAB5-48F0-9C09-EA30F3A1AA14}.Debug|Any CPU.ActiveCfg = Debug|x86
		{AEA48D34-DAB5-48F0-9C09-EA30F3A1AA14}.Debug|Mixed Platforms.ActiveCfg = Debug|x86
		{AEA48D34-DAB5-48F0-9C09-EA30F3A1AA14}.Debug|Mixed Platforms.Build.0 = Debug|x86
		{AEA48D34-DAB5-48F0-9C09-EA30F3A1AA14}.Debug|x86.ActiveCfg = Debug|x86
		{AEA48D34-DAB5-48F0-9C09-EA30F3A1AA14}.Debug|x86.Build.0 = Debug|x86
		{AEA48D34-DAB5-48F0-9C09-EA30F3A1AA14}.Release|Any CPU.ActiveCfg = Release|x86
		{AEA48D34-DAB5-48F0-9C09-EA30F3A1AA14}.Release|Mixed Platforms.ActiveCfg = Release|x86
		{AEA48D34-DAB5-48F0-9C09-EA30F3A1AA14}.Release|Mixed Platforms.Build.0 = Release|x86
		{AEA48D34-DAB5-48F0-9C09-EA30F3A1AA14}.Release|x86.ActiveCfg = Release|x86
		{AEA48D34-DAB5-48F0-9C09-EA30F3A1AA14}.Release|x86.Build.0 = Release|x86
		{9ED99BD7-AC81-4069-B8FD-2B91E29CC9D2}.Debug|Any CPU.ActiveCfg = Debug|x86
		{9ED99BD7-AC81-4069-B8FD-2B91E29CC9D2}.Debug|Mixed Platforms.ActiveCfg = Debug|x86
		{9ED99BD7-AC81-4069-B8FD-2B91E29CC9D2}.Debug|x86.ActiveCfg = Debug|x86
		{9ED99BD7-AC81-4069-B8FD-2B91E29CC9D2}.Release|Any CPU.ActiveCfg = Release|x86
		{9ED99BD7-AC81-4069-B8FD-2B91E29CC9D2}.Release|Mixed Platforms.ActiveCfg = Release|x86
		{9ED99BD7-AC81-4069-B8FD-2B91E29CC9D2}.Release|x86.ActiveCfg = Release|x86
		{5757172B-1B11-4138-B957-025279B30342}.Debug|Any CPU.ActiveCfg = Debug|Any CPU
		{5757172B-1B11-4138-B957-025279B30342}.Debug|Any CPU.Build.0 = Debug|Any CPU
		{5757172B-1B11-4138-B957-025279B30342}.Debug|Mixed Platforms.ActiveCfg = Debug|Any CPU
		{5757172B-1B11-4138-B957-025279B30342}.Debug|Mixed Platforms.Build.0 = Debug|Any CPU
		{5757172B-1B11-4138-B957-025279B30342}.Debug|x86.ActiveCfg = Debug|Any CPU
		{5757172B-1B11-4138-B957-025279B30342}.Release|Any CPU.ActiveCfg = Release|Any CPU
		{5757172B-1B11-4138-B957-025279B30342}.Release|Any CPU.Build.0 = Release|Any CPU
		{5757172B-1B11-4138-B957-025279B30342}.Release|Mixed Platforms.ActiveCfg = Release|Any CPU
		{5757172B-1B11-4138-B957-025279B30342}.Release|Mixed Platforms.Build.0 = Release|Any CPU
		{5757172B-1B11-4138-B957-025279B30342}.Release|x86.ActiveCfg = Release|Any CPU
	EndGlobalSection
	GlobalSection(SolutionProperties) = preSolution
		HideSolutionNode = FALSE
	EndGlobalSection
	GlobalSection(NestedProjects) = preSolution
		{AEA48D34-DAB5-48F0-9C09-EA30F3A1AA14} = {73058347-1C3A-4296-AA1E-02206422B7DF}
		{9ED99BD7-AC81-4069-B8FD-2B91E29CC9D2} = {73058347-1C3A-4296-AA1E-02206422B7DF}
		{5757172B-1B11-4138-B957-025279B30342} = {73058347-1C3A-4296-AA1E-02206422B7DF}
	EndGlobalSection
EndGlobal
